
Microsoft Visual Studio Solution File, Format Version 12.00
# Visual Studio Version 17
VisualStudioVersion = 17.14.36414.22
MinimumVisualStudioVersion = 10.0.40219.1
Project("{FAE04EC0-301F-11D3-BF4B-00C04F79EFBC}") = "BLL", "..\BLL\BLL.csproj", "{768CD066-6CA3-4BC9-A7D3-BD160529F6FA}"
EndProject
Project("{FAE04EC0-301F-11D3-BF4B-00C04F79EFBC}") = "DAL", "..\DAL\DAL.csproj", "{F8AD9052-B800-4555-9860-EEEF6F5E861E}"
EndProject
Project("{FAE04EC0-301F-11D3-BF4B-00C04F79EFBC}") = "Quanlytrungtamtinhoc", "..\Quanlytrungtamtinhoc\Quanlytrungtamtinhoc.csproj", "{A5E4FC5B-6AF9-4480-8F35-04856DD6FDFD}"
EndProject
Global
	GlobalSection(SolutionConfigurationPlatforms) = preSolution
		Debug|Any CPU = Debug|Any CPU
		Release|Any CPU = Release|Any CPU
	EndGlobalSection
	GlobalSection(ProjectConfigurationPlatforms) = postSolution
		{768CD066-6CA3-4BC9-A7D3-BD160529F6FA}.Debug|Any CPU.ActiveCfg = Debug|Any CPU
		{768CD066-6CA3-4BC9-A7D3-BD160529F6FA}.Debug|Any CPU.Build.0 = Debug|Any CPU
		{768CD066-6CA3-4BC9-A7D3-BD160529F6FA}.Release|Any CPU.ActiveCfg = Release|Any CPU
		{768CD066-6CA3-4BC9-A7D3-BD160529F6FA}.Release|Any CPU.Build.0 = Release|Any CPU
		{F8AD9052-B800-4555-9860-EEEF6F5E861E}.Debug|Any CPU.ActiveCfg = Debug|Any CPU
		{F8AD9052-B800-4555-9860-EEEF6F5E861E}.Debug|Any CPU.Build.0 = Debug|Any CPU
		{F8AD9052-B800-4555-9860-EEEF6F5E861E}.Release|Any CPU.ActiveCfg = Release|Any CPU
		{F8AD9052-B800-4555-9860-EEEF6F5E861E}.Release|Any CPU.Build.0 = Release|Any CPU
		{A5E4FC5B-6AF9-4480-8F35-04856DD6FDFD}.Debug|Any CPU.ActiveCfg = Debug|Any CPU
		{A5E4FC5B-6AF9-4480-8F35-04856DD6FDFD}.Debug|Any CPU.Build.0 = Debug|Any CPU
		{A5E4FC5B-6AF9-4480-8F35-04856DD6FDFD}.Release|Any CPU.ActiveCfg = Release|Any CPU
		{A5E4FC5B-6AF9-4480-8F35-04856DD6FDFD}.Release|Any CPU.Build.0 = Release|Any CPU
	EndGlobalSection
	GlobalSection(SolutionProperties) = preSolution
		HideSolutionNode = FALSE
	EndGlobalSection
	GlobalSection(ExtensibilityGlobals) = postSolution
		SolutionGuid = {E3A3DF04-1EA4-4FBA-A91C-ADE299B1AEBD}
	EndGlobalSection
EndGlobal
